<?xml version="1.0" encoding="utf-8"?>
<Project ToolsVersion="4.0" xmlns="http://schemas.microsoft.com/developer/msbuild/2003">
  <ItemGroup>
    <ClCompile Include="FixFeedClient.cpp" />
    <ClCompile Include="main.cpp" />
    <ClCompile Include="stdafx.cpp" />
    <ClCompile Include="FixFileLog.cpp">
      <Filter>FixExtensions</Filter>
    </ClCompile>
    <ClCompile Include="FixMessage.cpp">
      <Filter>FixExtensions</Filter>
    </ClCompile>
    <ClCompile Include="FixFieldFormatter.cpp">
      <Filter>FixExtensions</Filter>
    </ClCompile>
  </ItemGroup>
  <ItemGroup>
    <ClInclude Include="FixFeedClient.h" />
    <ClInclude Include="stdafx.h" />
    <ClInclude Include="targetver.h" />
    <ClInclude Include="FixFileLog.h">
      <Filter>FixExtensions</Filter>
    </ClInclude>
    <ClInclude Include="FixMessage.h">
      <Filter>FixExtensions</Filter>
    </ClInclude>
    <ClInclude Include="FixFieldFormatter.h">
      <Filter>FixExtensions</Filter>
    </ClInclude>
  </ItemGroup>
  <ItemGroup>
    <Xml Include="FIX44.xml" />
  </ItemGroup>
  <ItemGroup>
    <Filter Include="FixExtensions">
      <UniqueIdentifier>{b62334fa-f2e5-4e9d-9b7d-045c368200f9}</UniqueIdentifier>
    </Filter>
  </ItemGroup>
</Project>